// !$*UTF8*$!
{
	archiveVersion = 1;
	classes = {
	};
	objectVersion = 50;
	objects = {

/* Begin PBXBuildFile section */
		0617BC3E20B3F25D00F7A8C8 /* Utils.m in Sources */ = {isa = PBXBuildFile; fileRef = 0617BC3D20B3F25D00F7A8C8 /* Utils.m */; };
		0619CF8920B2E233004CFDC9 /* AppDelegate.m in Sources */ = {isa = PBXBuildFile; fileRef = 0619CF8820B2E233004CFDC9 /* AppDelegate.m */; };
		0619CF8F20B2E233004CFDC9 /* Main.storyboard in Resources */ = {isa = PBXBuildFile; fileRef = 0619CF8D20B2E233004CFDC9 /* Main.storyboard */; };
		0619CF9120B2E234004CFDC9 /* Assets.xcassets in Resources */ = {isa = PBXBuildFile; fileRef = 0619CF9020B2E234004CFDC9 /* Assets.xcassets */; };
		0619CF9420B2E234004CFDC9 /* LaunchScreen.storyboard in Resources */ = {isa = PBXBuildFile; fileRef = 0619CF9220B2E234004CFDC9 /* LaunchScreen.storyboard */; };
		0619CF9720B2E234004CFDC9 /* main.m in Sources */ = {isa = PBXBuildFile; fileRef = 0619CF9620B2E234004CFDC9 /* main.m */; };
		0619CFA120B2E234004CFDC9 /* Faveo_Service_Desk_ProTests.m in Sources */ = {isa = PBXBuildFile; fileRef = 0619CFA020B2E234004CFDC9 /* Faveo_Service_Desk_ProTests.m */; };
		0619CFAC20B2E234004CFDC9 /* Faveo_Service_Desk_ProUITests.m in Sources */ = {isa = PBXBuildFile; fileRef = 0619CFAB20B2E234004CFDC9 /* Faveo_Service_Desk_ProUITests.m */; };
		0619CFBA20B2E5A7004CFDC9 /* servicdeskPro.png in Resources */ = {isa = PBXBuildFile; fileRef = 0619CFB920B2E5A7004CFDC9 /* servicdeskPro.png */; };
		0619CFC120B31064004CFDC9 /* LoginViewController.m in Sources */ = {isa = PBXBuildFile; fileRef = 0619CFC020B31064004CFDC9 /* LoginViewController.m */; };
		0623C2AA20B52AA700A52087 /* logo.png in Resources */ = {isa = PBXBuildFile; fileRef = 0623C2A920B52AA700A52087 /* logo.png */; };
		0630D95120C66E1800191A7D /* AboutUsViewController.m in Sources */ = {isa = PBXBuildFile; fileRef = 0630D95020C66E1800191A7D /* AboutUsViewController.m */; };
		0630D95520C6754A00191A7D /* ClientListViewController.m in Sources */ = {isa = PBXBuildFile; fileRef = 0630D95420C6754A00191A7D /* ClientListViewController.m */; };
		0630D95820C6755C00191A7D /* ClientDetailsViewController.m in Sources */ = {isa = PBXBuildFile; fileRef = 0630D95720C6755C00191A7D /* ClientDetailsViewController.m */; };
		0630D95B20C6759900191A7D /* ClientFilterView.m in Sources */ = {isa = PBXBuildFile; fileRef = 0630D95A20C6759900191A7D /* ClientFilterView.m */; };
		0630D95E20C675EB00191A7D /* ClientEditDetailsView.m in Sources */ = {isa = PBXBuildFile; fileRef = 0630D95D20C675EB00191A7D /* ClientEditDetailsView.m */; };
		0630D96220C69A1200191A7D /* GlobalVariables.m in Sources */ = {isa = PBXBuildFile; fileRef = 0630D96120C69A1200191A7D /* GlobalVariables.m */; };
		0630D96820C6A30D00191A7D /* Reachability.m in Sources */ = {isa = PBXBuildFile; fileRef = 0630D96620C6A30D00191A7D /* Reachability.m */; };
		0630D96C20C6A7CD00191A7D /* MyWebservices.m in Sources */ = {isa = PBXBuildFile; fileRef = 0630D96B20C6A7CD00191A7D /* MyWebservices.m */; };
		0638D3FB20B7ED6900A0DD5F /* AVKit.framework in Frameworks */ = {isa = PBXBuildFile; fileRef = 0638D3FA20B7ED6900A0DD5F /* AVKit.framework */; };
		0638D3FD20B7ED7400A0DD5F /* Foundation.framework in Frameworks */ = {isa = PBXBuildFile; fileRef = 0638D3FC20B7ED7400A0DD5F /* Foundation.framework */; };
		0638D3FF20B7ED7F00A0DD5F /* CoreGraphics.framework in Frameworks */ = {isa = PBXBuildFile; fileRef = 0638D3FE20B7ED7E00A0DD5F /* CoreGraphics.framework */; };
		0638D40120B7ED8F00A0DD5F /* SystemConfiguration.framework in Frameworks */ = {isa = PBXBuildFile; fileRef = 0638D40020B7ED8F00A0DD5F /* SystemConfiguration.framework */; };
		0638D40320B7ED9A00A0DD5F /* UIKit.framework in Frameworks */ = {isa = PBXBuildFile; fileRef = 0638D40220B7ED9A00A0DD5F /* UIKit.framework */; };
		0638D40520B7EDA500A0DD5F /* UserNotifications.framework in Frameworks */ = {isa = PBXBuildFile; fileRef = 0638D40420B7EDA500A0DD5F /* UserNotifications.framework */; };
		0638D42620B82A0D00A0DD5F /* admin.png in Resources */ = {isa = PBXBuildFile; fileRef = 0638D42520B82A0D00A0DD5F /* admin.png */; };
		065028FB20BFE3C0007E90E2 /* SWRevealViewController.m in Sources */ = {isa = PBXBuildFile; fileRef = 065028FA20BFE3C0007E90E2 /* SWRevealViewController.m */; };
		0650290320BFEE34007E90E2 /* ExpandableTableViewCell.m in Sources */ = {isa = PBXBuildFile; fileRef = 065028FD20BFEE32007E90E2 /* ExpandableTableViewCell.m */; };
		0650290420BFEE34007E90E2 /* enData.plist in Resources */ = {isa = PBXBuildFile; fileRef = 0650290020BFEE33007E90E2 /* enData.plist */; };
		0650290520BFEE34007E90E2 /* ExpandableTableAppDelegate.m in Sources */ = {isa = PBXBuildFile; fileRef = 0650290120BFEE34007E90E2 /* ExpandableTableAppDelegate.m */; };
		0650290A20BFF5C1007E90E2 /* ExpandableTableViewController.m in Sources */ = {isa = PBXBuildFile; fileRef = 0650290820BFF5C0007E90E2 /* ExpandableTableViewController.m */; };
		0650299E20BFFD51007E90E2 /* Starred.png in Resources */ = {isa = PBXBuildFile; fileRef = 0650298420BFFD45007E90E2 /* Starred.png */; };
		0650299F20BFFD51007E90E2 /* Company.png in Resources */ = {isa = PBXBuildFile; fileRef = 0650298520BFFD46007E90E2 /* Company.png */; };
		065029A020BFFD51007E90E2 /* Background.png in Resources */ = {isa = PBXBuildFile; fileRef = 0650298620BFFD46007E90E2 /* Background.png */; };
		065029A120BFFD51007E90E2 /* Favorite.png in Resources */ = {isa = PBXBuildFile; fileRef = 0650298720BFFD47007E90E2 /* Favorite.png */; };
		065029A220BFFD51007E90E2 /* Messages@2x.png in Resources */ = {isa = PBXBuildFile; fileRef = 0650298820BFFD47007E90E2 /* Messages@2x.png */; };
		065029A320BFFD51007E90E2 /* Advance.png in Resources */ = {isa = PBXBuildFile; fileRef = 0650298920BFFD47007E90E2 /* Advance.png */; };
		065029A420BFFD51007E90E2 /* News.png in Resources */ = {isa = PBXBuildFile; fileRef = 0650298A20BFFD48007E90E2 /* News.png */; };
		065029A520BFFD51007E90E2 /* Company@2x.png in Resources */ = {isa = PBXBuildFile; fileRef = 0650298B20BFFD48007E90E2 /* Company@2x.png */; };
		065029A620BFFD51007E90E2 /* Invite.png in Resources */ = {isa = PBXBuildFile; fileRef = 0650298C20BFFD49007E90E2 /* Invite.png */; };
		065029A720BFFD51007E90E2 /* Avatar.png in Resources */ = {isa = PBXBuildFile; fileRef = 0650298D20BFFD49007E90E2 /* Avatar.png */; };
		065029A820BFFD51007E90E2 /* home_menu.png in Resources */ = {isa = PBXBuildFile; fileRef = 0650298E20BFFD4A007E90E2 /* home_menu.png */; };
		065029A920BFFD51007E90E2 /* Settings@2x.png in Resources */ = {isa = PBXBuildFile; fileRef = 0650298F20BFFD4A007E90E2 /* Settings@2x.png */; };
		065029AA20BFFD51007E90E2 /* Jobs.png in Resources */ = {isa = PBXBuildFile; fileRef = 0650299020BFFD4B007E90E2 /* Jobs.png */; };
		065029AB20BFFD51007E90E2 /* Ratings.png in Resources */ = {isa = PBXBuildFile; fileRef = 0650299120BFFD4B007E90E2 /* Ratings.png */; };
		065029AC20BFFD51007E90E2 /* Messages.png in Resources */ = {isa = PBXBuildFile; fileRef = 0650299220BFFD4B007E90E2 /* Messages.png */; };
		065029AD20BFFD51007E90E2 /* Settings.png in Resources */ = {isa = PBXBuildFile; fileRef = 0650299320BFFD4C007E90E2 /* Settings.png */; };
		065029AE20BFFD51007E90E2 /* People.png in Resources */ = {isa = PBXBuildFile; fileRef = 0650299420BFFD4C007E90E2 /* People.png */; };
		065029AF20BFFD51007E90E2 /* News@2x.png in Resources */ = {isa = PBXBuildFile; fileRef = 0650299520BFFD4D007E90E2 /* News@2x.png */; };
		065029B020BFFD51007E90E2 /* People@2x.png in Resources */ = {isa = PBXBuildFile; fileRef = 0650299620BFFD4D007E90E2 /* People@2x.png */; };
		065029B120BFFD51007E90E2 /* menu_img.png in Resources */ = {isa = PBXBuildFile; fileRef = 0650299720BFFD4D007E90E2 /* menu_img.png */; };
		065029B220BFFD51007E90E2 /* Invite@2x.png in Resources */ = {isa = PBXBuildFile; fileRef = 0650299820BFFD4E007E90E2 /* Invite@2x.png */; };
		065029B320BFFD51007E90E2 /* Favorite@2x.png in Resources */ = {isa = PBXBuildFile; fileRef = 0650299920BFFD4E007E90E2 /* Favorite@2x.png */; };
		065029B420BFFD51007E90E2 /* Advance@2x.png in Resources */ = {isa = PBXBuildFile; fileRef = 0650299A20BFFD4F007E90E2 /* Advance@2x.png */; };
		065029B520BFFD51007E90E2 /* Starred@2x.png in Resources */ = {isa = PBXBuildFile; fileRef = 0650299B20BFFD4F007E90E2 /* Starred@2x.png */; };
		065029B620BFFD51007E90E2 /* Ratings@2x.png in Resources */ = {isa = PBXBuildFile; fileRef = 0650299C20BFFD50007E90E2 /* Ratings@2x.png */; };
		065029B720BFFD51007E90E2 /* Jobs@2x.png in Resources */ = {isa = PBXBuildFile; fileRef = 0650299D20BFFD50007E90E2 /* Jobs@2x.png */; };
		065029BA20C02865007E90E2 /* SampleNavigation.m in Sources */ = {isa = PBXBuildFile; fileRef = 065029B920C02865007E90E2 /* SampleNavigation.m */; };
		06D6478420C56FEC000783C8 /* Default-568h@2x.png in Resources */ = {isa = PBXBuildFile; fileRef = 06D6478320C56FEC000783C8 /* Default-568h@2x.png */; };
		06D6479920C5724B000783C8 /* InboxTickets.m in Sources */ = {isa = PBXBuildFile; fileRef = 06D6479820C5724B000783C8 /* InboxTickets.m */; };
		06D6479C20C5725B000783C8 /* MyTickets.m in Sources */ = {isa = PBXBuildFile; fileRef = 06D6479B20C5725B000783C8 /* MyTickets.m */; };
		06D6479F20C57274000783C8 /* UnassignedTickets.m in Sources */ = {isa = PBXBuildFile; fileRef = 06D6479E20C57274000783C8 /* UnassignedTickets.m */; };
		06D647A220C5729F000783C8 /* UnApprovedTickets.m in Sources */ = {isa = PBXBuildFile; fileRef = 06D647A120C5729F000783C8 /* UnApprovedTickets.m */; };
		06D647A520C5732B000783C8 /* ClosedTickets.m in Sources */ = {isa = PBXBuildFile; fileRef = 06D647A420C5732A000783C8 /* ClosedTickets.m */; };
		06D647A820C5733E000783C8 /* TrashTickets.m in Sources */ = {isa = PBXBuildFile; fileRef = 06D647A720C5733E000783C8 /* TrashTickets.m */; };
		3F4696CC9617C273A4C1EE22 /* libPods-Faveo Service Desk Pro.a in Frameworks */ = {isa = PBXBuildFile; fileRef = 0851D67F391E6C63BCD66A96 /* libPods-Faveo Service Desk Pro.a */; };
/* End PBXBuildFile section */

/* Begin PBXContainerItemProxy section */
		0619CF9D20B2E234004CFDC9 /* PBXContainerItemProxy */ = {
			isa = PBXContainerItemProxy;
			containerPortal = 0619CF7C20B2E233004CFDC9 /* Project object */;
			proxyType = 1;
			remoteGlobalIDString = 0619CF8320B2E233004CFDC9;
			remoteInfo = "Faveo Service Desk Pro";
		};
		0619CFA820B2E234004CFDC9 /* PBXContainerItemProxy */ = {
			isa = PBXContainerItemProxy;
			containerPortal = 0619CF7C20B2E233004CFDC9 /* Project object */;
			proxyType = 1;
			remoteGlobalIDString = 0619CF8320B2E233004CFDC9;
			remoteInfo = "Faveo Service Desk Pro";
		};
/* End PBXContainerItemProxy section */

/* Begin PBXFileReference section */
		0617BC3C20B3F25D00F7A8C8 /* Utils.h */ = {isa = PBXFileReference; lastKnownFileType = sourcecode.c.h; path = Utils.h; sourceTree = "<group>"; };
		0617BC3D20B3F25D00F7A8C8 /* Utils.m */ = {isa = PBXFileReference; lastKnownFileType = sourcecode.c.objc; path = Utils.m; sourceTree = "<group>"; };
		0619CF8420B2E233004CFDC9 /* Faveo Service Desk Pro.app */ = {isa = PBXFileReference; explicitFileType = wrapper.application; includeInIndex = 0; path = "Faveo Service Desk Pro.app"; sourceTree = BUILT_PRODUCTS_DIR; };
		0619CF8720B2E233004CFDC9 /* AppDelegate.h */ = {isa = PBXFileReference; lastKnownFileType = sourcecode.c.h; path = AppDelegate.h; sourceTree = "<group>"; };
		0619CF8820B2E233004CFDC9 /* AppDelegate.m */ = {isa = PBXFileReference; lastKnownFileType = sourcecode.c.objc; path = AppDelegate.m; sourceTree = "<group>"; };
		0619CF8E20B2E233004CFDC9 /* Base */ = {isa = PBXFileReference; lastKnownFileType = file.storyboard; name = Base; path = Base.lproj/Main.storyboard; sourceTree = "<group>"; };
		0619CF9020B2E234004CFDC9 /* Assets.xcassets */ = {isa = PBXFileReference; lastKnownFileType = folder.assetcatalog; path = Assets.xcassets; sourceTree = "<group>"; };
		0619CF9320B2E234004CFDC9 /* Base */ = {isa = PBXFileReference; lastKnownFileType = file.storyboard; name = Base; path = Base.lproj/LaunchScreen.storyboard; sourceTree = "<group>"; };
		0619CF9520B2E234004CFDC9 /* Info.plist */ = {isa = PBXFileReference; lastKnownFileType = text.plist.xml; path = Info.plist; sourceTree = "<group>"; };
		0619CF9620B2E234004CFDC9 /* main.m */ = {isa = PBXFileReference; lastKnownFileType = sourcecode.c.objc; path = main.m; sourceTree = "<group>"; };
		0619CF9C20B2E234004CFDC9 /* Faveo Service Desk ProTests.xctest */ = {isa = PBXFileReference; explicitFileType = wrapper.cfbundle; includeInIndex = 0; path = "Faveo Service Desk ProTests.xctest"; sourceTree = BUILT_PRODUCTS_DIR; };
		0619CFA020B2E234004CFDC9 /* Faveo_Service_Desk_ProTests.m */ = {isa = PBXFileReference; lastKnownFileType = sourcecode.c.objc; path = Faveo_Service_Desk_ProTests.m; sourceTree = "<group>"; };
		0619CFA220B2E234004CFDC9 /* Info.plist */ = {isa = PBXFileReference; lastKnownFileType = text.plist.xml; path = Info.plist; sourceTree = "<group>"; };
		0619CFA720B2E234004CFDC9 /* Faveo Service Desk ProUITests.xctest */ = {isa = PBXFileReference; explicitFileType = wrapper.cfbundle; includeInIndex = 0; path = "Faveo Service Desk ProUITests.xctest"; sourceTree = BUILT_PRODUCTS_DIR; };
		0619CFAB20B2E234004CFDC9 /* Faveo_Service_Desk_ProUITests.m */ = {isa = PBXFileReference; lastKnownFileType = sourcecode.c.objc; path = Faveo_Service_Desk_ProUITests.m; sourceTree = "<group>"; };
		0619CFAD20B2E234004CFDC9 /* Info.plist */ = {isa = PBXFileReference; lastKnownFileType = text.plist.xml; path = Info.plist; sourceTree = "<group>"; };
		0619CFB920B2E5A7004CFDC9 /* servicdeskPro.png */ = {isa = PBXFileReference; lastKnownFileType = image.png; path = servicdeskPro.png; sourceTree = "<group>"; };
		0619CFBF20B31064004CFDC9 /* LoginViewController.h */ = {isa = PBXFileReference; lastKnownFileType = sourcecode.c.h; path = LoginViewController.h; sourceTree = "<group>"; };
		0619CFC020B31064004CFDC9 /* LoginViewController.m */ = {isa = PBXFileReference; lastKnownFileType = sourcecode.c.objc; path = LoginViewController.m; sourceTree = "<group>"; };
		0619CFC320B3125A004CFDC9 /* UIColor+HexColors.h */ = {isa = PBXFileReference; fileEncoding = 4; lastKnownFileType = sourcecode.c.h; path = "UIColor+HexColors.h"; sourceTree = "<group>"; };
		0623C2A920B52AA700A52087 /* logo.png */ = {isa = PBXFileReference; lastKnownFileType = image.png; path = logo.png; sourceTree = "<group>"; };
		0623C2AB20B5513100A52087 /* AppConstanst.h */ = {isa = PBXFileReference; lastKnownFileType = sourcecode.c.h; path = AppConstanst.h; sourceTree = "<group>"; };
		0630D94F20C66E1800191A7D /* AboutUsViewController.h */ = {isa = PBXFileReference; lastKnownFileType = sourcecode.c.h; path = AboutUsViewController.h; sourceTree = "<group>"; };
		0630D95020C66E1800191A7D /* AboutUsViewController.m */ = {isa = PBXFileReference; lastKnownFileType = sourcecode.c.objc; path = AboutUsViewController.m; sourceTree = "<group>"; };
		0630D95320C6754A00191A7D /* ClientListViewController.h */ = {isa = PBXFileReference; lastKnownFileType = sourcecode.c.h; path = ClientListViewController.h; sourceTree = "<group>"; };
		0630D95420C6754A00191A7D /* ClientListViewController.m */ = {isa = PBXFileReference; lastKnownFileType = sourcecode.c.objc; path = ClientListViewController.m; sourceTree = "<group>"; };
		0630D95620C6755C00191A7D /* ClientDetailsViewController.h */ = {isa = PBXFileReference; lastKnownFileType = sourcecode.c.h; path = ClientDetailsViewController.h; sourceTree = "<group>"; };
		0630D95720C6755C00191A7D /* ClientDetailsViewController.m */ = {isa = PBXFileReference; lastKnownFileType = sourcecode.c.objc; path = ClientDetailsViewController.m; sourceTree = "<group>"; };
		0630D95920C6759900191A7D /* ClientFilterView.h */ = {isa = PBXFileReference; lastKnownFileType = sourcecode.c.h; path = ClientFilterView.h; sourceTree = "<group>"; };
		0630D95A20C6759900191A7D /* ClientFilterView.m */ = {isa = PBXFileReference; lastKnownFileType = sourcecode.c.objc; path = ClientFilterView.m; sourceTree = "<group>"; };
		0630D95C20C675EB00191A7D /* ClientEditDetailsView.h */ = {isa = PBXFileReference; lastKnownFileType = sourcecode.c.h; path = ClientEditDetailsView.h; sourceTree = "<group>"; };
		0630D95D20C675EB00191A7D /* ClientEditDetailsView.m */ = {isa = PBXFileReference; lastKnownFileType = sourcecode.c.objc; path = ClientEditDetailsView.m; sourceTree = "<group>"; };
		0630D96020C69A1200191A7D /* GlobalVariables.h */ = {isa = PBXFileReference; lastKnownFileType = sourcecode.c.h; path = GlobalVariables.h; sourceTree = "<group>"; };
		0630D96120C69A1200191A7D /* GlobalVariables.m */ = {isa = PBXFileReference; lastKnownFileType = sourcecode.c.objc; path = GlobalVariables.m; sourceTree = "<group>"; };
		0630D96620C6A30D00191A7D /* Reachability.m */ = {isa = PBXFileReference; fileEncoding = 4; lastKnownFileType = sourcecode.c.objc; path = Reachability.m; sourceTree = "<group>"; };
		0630D96720C6A30D00191A7D /* Reachability.h */ = {isa = PBXFileReference; fileEncoding = 4; lastKnownFileType = sourcecode.c.h; path = Reachability.h; sourceTree = "<group>"; };
		0630D96A20C6A7CD00191A7D /* MyWebservices.h */ = {isa = PBXFileReference; lastKnownFileType = sourcecode.c.h; path = MyWebservices.h; sourceTree = "<group>"; };
		0630D96B20C6A7CD00191A7D /* MyWebservices.m */ = {isa = PBXFileReference; lastKnownFileType = sourcecode.c.objc; path = MyWebservices.m; sourceTree = "<group>"; };
		0638D3FA20B7ED6900A0DD5F /* AVKit.framework */ = {isa = PBXFileReference; lastKnownFileType = wrapper.framework; name = AVKit.framework; path = System/Library/Frameworks/AVKit.framework; sourceTree = SDKROOT; };
		0638D3FC20B7ED7400A0DD5F /* Foundation.framework */ = {isa = PBXFileReference; lastKnownFileType = wrapper.framework; name = Foundation.framework; path = System/Library/Frameworks/Foundation.framework; sourceTree = SDKROOT; };
		0638D3FE20B7ED7E00A0DD5F /* CoreGraphics.framework */ = {isa = PBXFileReference; lastKnownFileType = wrapper.framework; name = CoreGraphics.framework; path = System/Library/Frameworks/CoreGraphics.framework; sourceTree = SDKROOT; };
		0638D40020B7ED8F00A0DD5F /* SystemConfiguration.framework */ = {isa = PBXFileReference; lastKnownFileType = wrapper.framework; name = SystemConfiguration.framework; path = System/Library/Frameworks/SystemConfiguration.framework; sourceTree = SDKROOT; };
		0638D40220B7ED9A00A0DD5F /* UIKit.framework */ = {isa = PBXFileReference; lastKnownFileType = wrapper.framework; name = UIKit.framework; path = System/Library/Frameworks/UIKit.framework; sourceTree = SDKROOT; };
		0638D40420B7EDA500A0DD5F /* UserNotifications.framework */ = {isa = PBXFileReference; lastKnownFileType = wrapper.framework; name = UserNotifications.framework; path = System/Library/Frameworks/UserNotifications.framework; sourceTree = SDKROOT; };
		0638D42520B82A0D00A0DD5F /* admin.png */ = {isa = PBXFileReference; lastKnownFileType = image.png; path = admin.png; sourceTree = "<group>"; };
		065028F920BFE3C0007E90E2 /* SWRevealViewController.h */ = {isa = PBXFileReference; lastKnownFileType = sourcecode.c.h; path = SWRevealViewController.h; sourceTree = "<group>"; };
		065028FA20BFE3C0007E90E2 /* SWRevealViewController.m */ = {isa = PBXFileReference; lastKnownFileType = sourcecode.c.objc; path = SWRevealViewController.m; sourceTree = "<group>"; };
		065028FD20BFEE32007E90E2 /* ExpandableTableViewCell.m */ = {isa = PBXFileReference; fileEncoding = 4; lastKnownFileType = sourcecode.c.objc; path = ExpandableTableViewCell.m; sourceTree = "<group>"; };
		065028FE20BFEE33007E90E2 /* ExpandableTableAppDelegate.h */ = {isa = PBXFileReference; fileEncoding = 4; lastKnownFileType = sourcecode.c.h; path = ExpandableTableAppDelegate.h; sourceTree = "<group>"; };
		065028FF20BFEE33007E90E2 /* ExpandableTableViewCell.h */ = {isa = PBXFileReference; fileEncoding = 4; lastKnownFileType = sourcecode.c.h; path = ExpandableTableViewCell.h; sourceTree = "<group>"; };
		0650290020BFEE33007E90E2 /* enData.plist */ = {isa = PBXFileReference; fileEncoding = 4; lastKnownFileType = text.plist.xml; path = enData.plist; sourceTree = "<group>"; };
		0650290120BFEE34007E90E2 /* ExpandableTableAppDelegate.m */ = {isa = PBXFileReference; fileEncoding = 4; lastKnownFileType = sourcecode.c.objc; path = ExpandableTableAppDelegate.m; sourceTree = "<group>"; };
		0650290820BFF5C0007E90E2 /* ExpandableTableViewController.m */ = {isa = PBXFileReference; fileEncoding = 4; lastKnownFileType = sourcecode.c.objc; name = ExpandableTableViewController.m; path = "../../../../Certificates & Icons/Do not Delete/ExpandableTableViewExample123/ExpandableList/ExpandableTableViewController.m"; sourceTree = "<group>"; };
		0650290920BFF5C1007E90E2 /* ExpandableTableViewController.h */ = {isa = PBXFileReference; fileEncoding = 4; lastKnownFileType = sourcecode.c.h; name = ExpandableTableViewController.h; path = "../../../../Certificates & Icons/Do not Delete/ExpandableTableViewExample123/ExpandableList/ExpandableTableViewController.h"; sourceTree = "<group>"; };
		0650298420BFFD45007E90E2 /* Starred.png */ = {isa = PBXFileReference; lastKnownFileType = image.png; path = Starred.png; sourceTree = "<group>"; };
		0650298520BFFD46007E90E2 /* Company.png */ = {isa = PBXFileReference; lastKnownFileType = image.png; path = Company.png; sourceTree = "<group>"; };
		0650298620BFFD46007E90E2 /* Background.png */ = {isa = PBXFileReference; lastKnownFileType = image.png; path = Background.png; sourceTree = "<group>"; };
		0650298720BFFD47007E90E2 /* Favorite.png */ = {isa = PBXFileReference; lastKnownFileType = image.png; path = Favorite.png; sourceTree = "<group>"; };
		0650298820BFFD47007E90E2 /* Messages@2x.png */ = {isa = PBXFileReference; lastKnownFileType = image.png; path = "Messages@2x.png"; sourceTree = "<group>"; };
		0650298920BFFD47007E90E2 /* Advance.png */ = {isa = PBXFileReference; lastKnownFileType = image.png; path = Advance.png; sourceTree = "<group>"; };
		0650298A20BFFD48007E90E2 /* News.png */ = {isa = PBXFileReference; lastKnownFileType = image.png; path = News.png; sourceTree = "<group>"; };
		0650298B20BFFD48007E90E2 /* Company@2x.png */ = {isa = PBXFileReference; lastKnownFileType = image.png; path = "Company@2x.png"; sourceTree = "<group>"; };
		0650298C20BFFD49007E90E2 /* Invite.png */ = {isa = PBXFileReference; lastKnownFileType = image.png; path = Invite.png; sourceTree = "<group>"; };
		0650298D20BFFD49007E90E2 /* Avatar.png */ = {isa = PBXFileReference; lastKnownFileType = image.png; path = Avatar.png; sourceTree = "<group>"; };
		0650298E20BFFD4A007E90E2 /* home_menu.png */ = {isa = PBXFileReference; lastKnownFileType = image.png; path = home_menu.png; sourceTree = "<group>"; };
		0650298F20BFFD4A007E90E2 /* Settings@2x.png */ = {isa = PBXFileReference; lastKnownFileType = image.png; path = "Settings@2x.png"; sourceTree = "<group>"; };
		0650299020BFFD4B007E90E2 /* Jobs.png */ = {isa = PBXFileReference; lastKnownFileType = image.png; path = Jobs.png; sourceTree = "<group>"; };
		0650299120BFFD4B007E90E2 /* Ratings.png */ = {isa = PBXFileReference; lastKnownFileType = image.png; path = Ratings.png; sourceTree = "<group>"; };
		0650299220BFFD4B007E90E2 /* Messages.png */ = {isa = PBXFileReference; lastKnownFileType = image.png; path = Messages.png; sourceTree = "<group>"; };
		0650299320BFFD4C007E90E2 /* Settings.png */ = {isa = PBXFileReference; lastKnownFileType = image.png; path = Settings.png; sourceTree = "<group>"; };
		0650299420BFFD4C007E90E2 /* People.png */ = {isa = PBXFileReference; lastKnownFileType = image.png; path = People.png; sourceTree = "<group>"; };
		0650299520BFFD4D007E90E2 /* News@2x.png */ = {isa = PBXFileReference; lastKnownFileType = image.png; path = "News@2x.png"; sourceTree = "<group>"; };
		0650299620BFFD4D007E90E2 /* People@2x.png */ = {isa = PBXFileReference; lastKnownFileType = image.png; path = "People@2x.png"; sourceTree = "<group>"; };
		0650299720BFFD4D007E90E2 /* menu_img.png */ = {isa = PBXFileReference; lastKnownFileType = image.png; path = menu_img.png; sourceTree = "<group>"; };
		0650299820BFFD4E007E90E2 /* Invite@2x.png */ = {isa = PBXFileReference; lastKnownFileType = image.png; path = "Invite@2x.png"; sourceTree = "<group>"; };
		0650299920BFFD4E007E90E2 /* Favorite@2x.png */ = {isa = PBXFileReference; lastKnownFileType = image.png; path = "Favorite@2x.png"; sourceTree = "<group>"; };
		0650299A20BFFD4F007E90E2 /* Advance@2x.png */ = {isa = PBXFileReference; lastKnownFileType = image.png; path = "Advance@2x.png"; sourceTree = "<group>"; };
		0650299B20BFFD4F007E90E2 /* Starred@2x.png */ = {isa = PBXFileReference; lastKnownFileType = image.png; path = "Starred@2x.png"; sourceTree = "<group>"; };
		0650299C20BFFD50007E90E2 /* Ratings@2x.png */ = {isa = PBXFileReference; lastKnownFileType = image.png; path = "Ratings@2x.png"; sourceTree = "<group>"; };
		0650299D20BFFD50007E90E2 /* Jobs@2x.png */ = {isa = PBXFileReference; lastKnownFileType = image.png; path = "Jobs@2x.png"; sourceTree = "<group>"; };
		065029B820C02865007E90E2 /* SampleNavigation.h */ = {isa = PBXFileReference; lastKnownFileType = sourcecode.c.h; path = SampleNavigation.h; sourceTree = "<group>"; };
		065029B920C02865007E90E2 /* SampleNavigation.m */ = {isa = PBXFileReference; lastKnownFileType = sourcecode.c.objc; path = SampleNavigation.m; sourceTree = "<group>"; };
		06D6478320C56FEC000783C8 /* Default-568h@2x.png */ = {isa = PBXFileReference; lastKnownFileType = image.png; path = "Default-568h@2x.png"; sourceTree = "<group>"; };
		06D6479720C5724B000783C8 /* InboxTickets.h */ = {isa = PBXFileReference; lastKnownFileType = sourcecode.c.h; path = InboxTickets.h; sourceTree = "<group>"; };
		06D6479820C5724B000783C8 /* InboxTickets.m */ = {isa = PBXFileReference; lastKnownFileType = sourcecode.c.objc; path = InboxTickets.m; sourceTree = "<group>"; };
		06D6479A20C5725B000783C8 /* MyTickets.h */ = {isa = PBXFileReference; lastKnownFileType = sourcecode.c.h; path = MyTickets.h; sourceTree = "<group>"; };
		06D6479B20C5725B000783C8 /* MyTickets.m */ = {isa = PBXFileReference; lastKnownFileType = sourcecode.c.objc; path = MyTickets.m; sourceTree = "<group>"; };
		06D6479D20C57274000783C8 /* UnassignedTickets.h */ = {isa = PBXFileReference; lastKnownFileType = sourcecode.c.h; path = UnassignedTickets.h; sourceTree = "<group>"; };
		06D6479E20C57274000783C8 /* UnassignedTickets.m */ = {isa = PBXFileReference; lastKnownFileType = sourcecode.c.objc; path = UnassignedTickets.m; sourceTree = "<group>"; };
		06D647A020C5729F000783C8 /* UnApprovedTickets.h */ = {isa = PBXFileReference; lastKnownFileType = sourcecode.c.h; path = UnApprovedTickets.h; sourceTree = "<group>"; };
		06D647A120C5729F000783C8 /* UnApprovedTickets.m */ = {isa = PBXFileReference; lastKnownFileType = sourcecode.c.objc; path = UnApprovedTickets.m; sourceTree = "<group>"; };
		06D647A320C5732A000783C8 /* ClosedTickets.h */ = {isa = PBXFileReference; lastKnownFileType = sourcecode.c.h; path = ClosedTickets.h; sourceTree = "<group>"; };
		06D647A420C5732A000783C8 /* ClosedTickets.m */ = {isa = PBXFileReference; lastKnownFileType = sourcecode.c.objc; path = ClosedTickets.m; sourceTree = "<group>"; };
		06D647A620C5733E000783C8 /* TrashTickets.h */ = {isa = PBXFileReference; lastKnownFileType = sourcecode.c.h; path = TrashTickets.h; sourceTree = "<group>"; };
		06D647A720C5733E000783C8 /* TrashTickets.m */ = {isa = PBXFileReference; lastKnownFileType = sourcecode.c.objc; path = TrashTickets.m; sourceTree = "<group>"; };
		0851D67F391E6C63BCD66A96 /* libPods-Faveo Service Desk Pro.a */ = {isa = PBXFileReference; explicitFileType = archive.ar; includeInIndex = 0; path = "libPods-Faveo Service Desk Pro.a"; sourceTree = BUILT_PRODUCTS_DIR; };
		673690A52B72503E4FE33B72 /* Pods-Faveo Service Desk Pro.release.xcconfig */ = {isa = PBXFileReference; includeInIndex = 1; lastKnownFileType = text.xcconfig; name = "Pods-Faveo Service Desk Pro.release.xcconfig"; path = "Pods/Target Support Files/Pods-Faveo Service Desk Pro/Pods-Faveo Service Desk Pro.release.xcconfig"; sourceTree = "<group>"; };
		AA97E046A48ABA8482D27986 /* Pods-Faveo Service Desk Pro.debug.xcconfig */ = {isa = PBXFileReference; includeInIndex = 1; lastKnownFileType = text.xcconfig; name = "Pods-Faveo Service Desk Pro.debug.xcconfig"; path = "Pods/Target Support Files/Pods-Faveo Service Desk Pro/Pods-Faveo Service Desk Pro.debug.xcconfig"; sourceTree = "<group>"; };
/* End PBXFileReference section */

/* Begin PBXFrameworksBuildPhase section */
		0619CF8120B2E233004CFDC9 /* Frameworks */ = {
			isa = PBXFrameworksBuildPhase;
			buildActionMask = 2147483647;
			files = (
				0638D40520B7EDA500A0DD5F /* UserNotifications.framework in Frameworks */,
				0638D40320B7ED9A00A0DD5F /* UIKit.framework in Frameworks */,
				0638D40120B7ED8F00A0DD5F /* SystemConfiguration.framework in Frameworks */,
				0638D3FF20B7ED7F00A0DD5F /* CoreGraphics.framework in Frameworks */,
				0638D3FD20B7ED7400A0DD5F /* Foundation.framework in Frameworks */,
				0638D3FB20B7ED6900A0DD5F /* AVKit.framework in Frameworks */,
				3F4696CC9617C273A4C1EE22 /* libPods-Faveo Service Desk Pro.a in Frameworks */,
			);
			runOnlyForDeploymentPostprocessing = 0;
		};
		0619CF9920B2E234004CFDC9 /* Frameworks */ = {
			isa = PBXFrameworksBuildPhase;
			buildActionMask = 2147483647;
			files = (
			);
			runOnlyForDeploymentPostprocessing = 0;
		};
		0619CFA420B2E234004CFDC9 /* Frameworks */ = {
			isa = PBXFrameworksBuildPhase;
			buildActionMask = 2147483647;
			files = (
			);
			runOnlyForDeploymentPostprocessing = 0;
		};
/* End PBXFrameworksBuildPhase section */

/* Begin PBXGroup section */
		061051FB2199898B7BA13F2B /* Pods */ = {
			isa = PBXGroup;
			children = (
				AA97E046A48ABA8482D27986 /* Pods-Faveo Service Desk Pro.debug.xcconfig */,
				673690A52B72503E4FE33B72 /* Pods-Faveo Service Desk Pro.release.xcconfig */,
			);
			name = Pods;
			sourceTree = "<group>";
		};
		0619CF7B20B2E233004CFDC9 = {
			isa = PBXGroup;
			children = (
				0619CF8620B2E233004CFDC9 /* Faveo Service Desk Pro */,
				0619CFBB20B30FE7004CFDC9 /* Helper Classes */,
				0619CF9F20B2E234004CFDC9 /* Faveo Service Desk ProTests */,
				0619CFAA20B2E234004CFDC9 /* Faveo Service Desk ProUITests */,
				0619CF8520B2E233004CFDC9 /* Products */,
				061051FB2199898B7BA13F2B /* Pods */,
				E75D6D508A14F90D4C829D76 /* Frameworks */,
			);
			sourceTree = "<group>";
		};
		0619CF8520B2E233004CFDC9 /* Products */ = {
			isa = PBXGroup;
			children = (
				0619CF8420B2E233004CFDC9 /* Faveo Service Desk Pro.app */,
				0619CF9C20B2E234004CFDC9 /* Faveo Service Desk ProTests.xctest */,
				0619CFA720B2E234004CFDC9 /* Faveo Service Desk ProUITests.xctest */,
			);
			name = Products;
			sourceTree = "<group>";
		};
		0619CF8620B2E233004CFDC9 /* Faveo Service Desk Pro */ = {
			isa = PBXGroup;
			children = (
				0630D96920C6A79C00191A7D /* WebServices */,
				06D6478020C56BFC000783C8 /* AppDelegate */,
				0650290720BFEF96007E90E2 /* SideMenu */,
				06D6478120C56C18000783C8 /* Login */,
				06D6477F20C56BE8000783C8 /* Tickets */,
				0630D95220C674F000191A7D /* Users */,
				0630D94E20C66DFC00191A7D /* About us */,
				0638D42520B82A0D00A0DD5F /* admin.png */,
				0619CF8D20B2E233004CFDC9 /* Main.storyboard */,
				0619CF9220B2E234004CFDC9 /* LaunchScreen.storyboard */,
				0619CF9020B2E234004CFDC9 /* Assets.xcassets */,
				0619CF9520B2E234004CFDC9 /* Info.plist */,
				0619CF9620B2E234004CFDC9 /* main.m */,
				0619CFB920B2E5A7004CFDC9 /* servicdeskPro.png */,
				0623C2A920B52AA700A52087 /* logo.png */,
			);
			path = "Faveo Service Desk Pro";
			sourceTree = "<group>";
		};
		0619CF9F20B2E234004CFDC9 /* Faveo Service Desk ProTests */ = {
			isa = PBXGroup;
			children = (
				0619CFA020B2E234004CFDC9 /* Faveo_Service_Desk_ProTests.m */,
				0619CFA220B2E234004CFDC9 /* Info.plist */,
			);
			path = "Faveo Service Desk ProTests";
			sourceTree = "<group>";
		};
		0619CFAA20B2E234004CFDC9 /* Faveo Service Desk ProUITests */ = {
			isa = PBXGroup;
			children = (
				0619CFAB20B2E234004CFDC9 /* Faveo_Service_Desk_ProUITests.m */,
				0619CFAD20B2E234004CFDC9 /* Info.plist */,
			);
			path = "Faveo Service Desk ProUITests";
			sourceTree = "<group>";
		};
		0619CFBB20B30FE7004CFDC9 /* Helper Classes */ = {
			isa = PBXGroup;
			children = (
				0623C2AB20B5513100A52087 /* AppConstanst.h */,
				0619CFC320B3125A004CFDC9 /* UIColor+HexColors.h */,
				0630D96520C6A2F700191A7D /* Reachability */,
				0630D96320C6A25C00191A7D /* Utils */,
				0630D96420C6A26B00191A7D /* GlobalVariables */,
			);
			path = "Helper Classes";
			sourceTree = "<group>";
		};
		0630D94E20C66DFC00191A7D /* About us */ = {
			isa = PBXGroup;
			children = (
				0630D94F20C66E1800191A7D /* AboutUsViewController.h */,
				0630D95020C66E1800191A7D /* AboutUsViewController.m */,
			);
			path = "About us";
			sourceTree = "<group>";
		};
		0630D95220C674F000191A7D /* Users */ = {
			isa = PBXGroup;
			children = (
				0630D95320C6754A00191A7D /* ClientListViewController.h */,
				0630D95420C6754A00191A7D /* ClientListViewController.m */,
				0630D95920C6759900191A7D /* ClientFilterView.h */,
				0630D95A20C6759900191A7D /* ClientFilterView.m */,
				0630D95620C6755C00191A7D /* ClientDetailsViewController.h */,
				0630D95720C6755C00191A7D /* ClientDetailsViewController.m */,
				0630D95C20C675EB00191A7D /* ClientEditDetailsView.h */,
				0630D95D20C675EB00191A7D /* ClientEditDetailsView.m */,
			);
			path = Users;
			sourceTree = "<group>";
		};
		0630D96320C6A25C00191A7D /* Utils */ = {
			isa = PBXGroup;
			children = (
				0617BC3C20B3F25D00F7A8C8 /* Utils.h */,
				0617BC3D20B3F25D00F7A8C8 /* Utils.m */,
			);
			path = Utils;
			sourceTree = "<group>";
		};
		0630D96420C6A26B00191A7D /* GlobalVariables */ = {
			isa = PBXGroup;
			children = (
				0630D96020C69A1200191A7D /* GlobalVariables.h */,
				0630D96120C69A1200191A7D /* GlobalVariables.m */,
			);
			path = GlobalVariables;
			sourceTree = "<group>";
		};
		0630D96520C6A2F700191A7D /* Reachability */ = {
			isa = PBXGroup;
			children = (
				0630D96720C6A30D00191A7D /* Reachability.h */,
				0630D96620C6A30D00191A7D /* Reachability.m */,
			);
			path = Reachability;
			sourceTree = "<group>";
		};
		0630D96920C6A79C00191A7D /* WebServices */ = {
			isa = PBXGroup;
			children = (
				0630D96A20C6A7CD00191A7D /* MyWebservices.h */,
				0630D96B20C6A7CD00191A7D /* MyWebservices.m */,
			);
			path = WebServices;
			sourceTree = "<group>";
		};
		0650290720BFEF96007E90E2 /* SideMenu */ = {
			isa = PBXGroup;
			children = (
				0650298320BFFD2E007E90E2 /* Images */,
				0650290020BFEE33007E90E2 /* enData.plist */,
				06D6478320C56FEC000783C8 /* Default-568h@2x.png */,
				065028F920BFE3C0007E90E2 /* SWRevealViewController.h */,
				065028FA20BFE3C0007E90E2 /* SWRevealViewController.m */,
				065028FE20BFEE33007E90E2 /* ExpandableTableAppDelegate.h */,
				0650290120BFEE34007E90E2 /* ExpandableTableAppDelegate.m */,
				065028FF20BFEE33007E90E2 /* ExpandableTableViewCell.h */,
				065028FD20BFEE32007E90E2 /* ExpandableTableViewCell.m */,
				0650290920BFF5C1007E90E2 /* ExpandableTableViewController.h */,
				0650290820BFF5C0007E90E2 /* ExpandableTableViewController.m */,
				065029B820C02865007E90E2 /* SampleNavigation.h */,
				065029B920C02865007E90E2 /* SampleNavigation.m */,
			);
			path = SideMenu;
			sourceTree = "<group>";
		};
		0650298320BFFD2E007E90E2 /* Images */ = {
			isa = PBXGroup;
			children = (
				0650298920BFFD47007E90E2 /* Advance.png */,
				0650299A20BFFD4F007E90E2 /* Advance@2x.png */,
				0650298A20BFFD48007E90E2 /* News.png */,
				0650299520BFFD4D007E90E2 /* News@2x.png */,
				0650299120BFFD4B007E90E2 /* Ratings.png */,
				0650299C20BFFD50007E90E2 /* Ratings@2x.png */,
				0650298720BFFD47007E90E2 /* Favorite.png */,
				0650299920BFFD4E007E90E2 /* Favorite@2x.png */,
				0650298420BFFD45007E90E2 /* Starred.png */,
				0650299B20BFFD4F007E90E2 /* Starred@2x.png */,
				0650298520BFFD46007E90E2 /* Company.png */,
				0650298B20BFFD48007E90E2 /* Company@2x.png */,
				0650298C20BFFD49007E90E2 /* Invite.png */,
				0650299820BFFD4E007E90E2 /* Invite@2x.png */,
				0650299020BFFD4B007E90E2 /* Jobs.png */,
				0650299D20BFFD50007E90E2 /* Jobs@2x.png */,
				0650299220BFFD4B007E90E2 /* Messages.png */,
				0650298820BFFD47007E90E2 /* Messages@2x.png */,
				0650299420BFFD4C007E90E2 /* People.png */,
				0650299620BFFD4D007E90E2 /* People@2x.png */,
				0650299320BFFD4C007E90E2 /* Settings.png */,
				0650298F20BFFD4A007E90E2 /* Settings@2x.png */,
				0650298D20BFFD49007E90E2 /* Avatar.png */,
				0650298620BFFD46007E90E2 /* Background.png */,
				0650299720BFFD4D007E90E2 /* menu_img.png */,
				0650298E20BFFD4A007E90E2 /* home_menu.png */,
			);
			path = Images;
			sourceTree = "<group>";
		};
		06D6477F20C56BE8000783C8 /* Tickets */ = {
			isa = PBXGroup;
			children = (
				06D6479720C5724B000783C8 /* InboxTickets.h */,
				06D6479820C5724B000783C8 /* InboxTickets.m */,
				06D6479A20C5725B000783C8 /* MyTickets.h */,
				06D6479B20C5725B000783C8 /* MyTickets.m */,
				06D6479D20C57274000783C8 /* UnassignedTickets.h */,
				06D6479E20C57274000783C8 /* UnassignedTickets.m */,
				06D647A020C5729F000783C8 /* UnApprovedTickets.h */,
				06D647A120C5729F000783C8 /* UnApprovedTickets.m */,
				06D647A320C5732A000783C8 /* ClosedTickets.h */,
				06D647A420C5732A000783C8 /* ClosedTickets.m */,
				06D647A620C5733E000783C8 /* TrashTickets.h */,
				06D647A720C5733E000783C8 /* TrashTickets.m */,
			);
			path = Tickets;
			sourceTree = "<group>";
		};
		06D6478020C56BFC000783C8 /* AppDelegate */ = {
			isa = PBXGroup;
			children = (
				0619CF8720B2E233004CFDC9 /* AppDelegate.h */,
				0619CF8820B2E233004CFDC9 /* AppDelegate.m */,
			);
			path = AppDelegate;
			sourceTree = "<group>";
		};
		06D6478120C56C18000783C8 /* Login */ = {
			isa = PBXGroup;
			children = (
				0619CFBF20B31064004CFDC9 /* LoginViewController.h */,
				0619CFC020B31064004CFDC9 /* LoginViewController.m */,
			);
			path = Login;
			sourceTree = "<group>";
		};
		E75D6D508A14F90D4C829D76 /* Frameworks */ = {
			isa = PBXGroup;
			children = (
				0638D40420B7EDA500A0DD5F /* UserNotifications.framework */,
				0638D40220B7ED9A00A0DD5F /* UIKit.framework */,
				0638D40020B7ED8F00A0DD5F /* SystemConfiguration.framework */,
				0638D3FE20B7ED7E00A0DD5F /* CoreGraphics.framework */,
				0638D3FC20B7ED7400A0DD5F /* Foundation.framework */,
				0638D3FA20B7ED6900A0DD5F /* AVKit.framework */,
				0851D67F391E6C63BCD66A96 /* libPods-Faveo Service Desk Pro.a */,
			);
			name = Frameworks;
			sourceTree = "<group>";
		};
/* End PBXGroup section */

/* Begin PBXNativeTarget section */
		0619CF8320B2E233004CFDC9 /* Faveo Service Desk Pro */ = {
			isa = PBXNativeTarget;
			buildConfigurationList = 0619CFB020B2E234004CFDC9 /* Build configuration list for PBXNativeTarget "Faveo Service Desk Pro" */;
			buildPhases = (
				CF11872CA209807CAB98F998 /* [CP] Check Pods Manifest.lock */,
				0619CF8020B2E233004CFDC9 /* Sources */,
				0619CF8120B2E233004CFDC9 /* Frameworks */,
				0619CF8220B2E233004CFDC9 /* Resources */,
				6E159F1E6D3F3B77373023AA /* [CP] Copy Pods Resources */,
			);
			buildRules = (
			);
			dependencies = (
			);
			name = "Faveo Service Desk Pro";
			productName = "Faveo Service Desk Pro";
			productReference = 0619CF8420B2E233004CFDC9 /* Faveo Service Desk Pro.app */;
			productType = "com.apple.product-type.application";
		};
		0619CF9B20B2E234004CFDC9 /* Faveo Service Desk ProTests */ = {
			isa = PBXNativeTarget;
			buildConfigurationList = 0619CFB320B2E234004CFDC9 /* Build configuration list for PBXNativeTarget "Faveo Service Desk ProTests" */;
			buildPhases = (
				0619CF9820B2E234004CFDC9 /* Sources */,
				0619CF9920B2E234004CFDC9 /* Frameworks */,
				0619CF9A20B2E234004CFDC9 /* Resources */,
			);
			buildRules = (
			);
			dependencies = (
				0619CF9E20B2E234004CFDC9 /* PBXTargetDependency */,
			);
			name = "Faveo Service Desk ProTests";
			productName = "Faveo Service Desk ProTests";
			productReference = 0619CF9C20B2E234004CFDC9 /* Faveo Service Desk ProTests.xctest */;
			productType = "com.apple.product-type.bundle.unit-test";
		};
		0619CFA620B2E234004CFDC9 /* Faveo Service Desk ProUITests */ = {
			isa = PBXNativeTarget;
			buildConfigurationList = 0619CFB620B2E234004CFDC9 /* Build configuration list for PBXNativeTarget "Faveo Service Desk ProUITests" */;
			buildPhases = (
				0619CFA320B2E234004CFDC9 /* Sources */,
				0619CFA420B2E234004CFDC9 /* Frameworks */,
				0619CFA520B2E234004CFDC9 /* Resources */,
			);
			buildRules = (
			);
			dependencies = (
				0619CFA920B2E234004CFDC9 /* PBXTargetDependency */,
			);
			name = "Faveo Service Desk ProUITests";
			productName = "Faveo Service Desk ProUITests";
			productReference = 0619CFA720B2E234004CFDC9 /* Faveo Service Desk ProUITests.xctest */;
			productType = "com.apple.product-type.bundle.ui-testing";
		};
/* End PBXNativeTarget section */

/* Begin PBXProject section */
		0619CF7C20B2E233004CFDC9 /* Project object */ = {
			isa = PBXProject;
			attributes = {
				LastUpgradeCheck = 0930;
				ORGANIZATIONNAME = "Ladybird Web Solution Pvt Ltd.";
				TargetAttributes = {
					0619CF8320B2E233004CFDC9 = {
						CreatedOnToolsVersion = 9.3.1;
					};
					0619CF9B20B2E234004CFDC9 = {
						CreatedOnToolsVersion = 9.3.1;
						TestTargetID = 0619CF8320B2E233004CFDC9;
					};
					0619CFA620B2E234004CFDC9 = {
						CreatedOnToolsVersion = 9.3.1;
						TestTargetID = 0619CF8320B2E233004CFDC9;
					};
				};
			};
			buildConfigurationList = 0619CF7F20B2E233004CFDC9 /* Build configuration list for PBXProject "Faveo Service Desk Pro" */;
			compatibilityVersion = "Xcode 9.3";
			developmentRegion = en;
			hasScannedForEncodings = 0;
			knownRegions = (
				en,
				Base,
			);
			mainGroup = 0619CF7B20B2E233004CFDC9;
			productRefGroup = 0619CF8520B2E233004CFDC9 /* Products */;
			projectDirPath = "";
			projectRoot = "";
			targets = (
				0619CF8320B2E233004CFDC9 /* Faveo Service Desk Pro */,
				0619CF9B20B2E234004CFDC9 /* Faveo Service Desk ProTests */,
				0619CFA620B2E234004CFDC9 /* Faveo Service Desk ProUITests */,
			);
		};
/* End PBXProject section */

/* Begin PBXResourcesBuildPhase section */
		0619CF8220B2E233004CFDC9 /* Resources */ = {
			isa = PBXResourcesBuildPhase;
			buildActionMask = 2147483647;
			files = (
				0619CFBA20B2E5A7004CFDC9 /* servicdeskPro.png in Resources */,
				065029AF20BFFD51007E90E2 /* News@2x.png in Resources */,
				065029B320BFFD51007E90E2 /* Favorite@2x.png in Resources */,
				065029B620BFFD51007E90E2 /* Ratings@2x.png in Resources */,
				065029B720BFFD51007E90E2 /* Jobs@2x.png in Resources */,
				065029AD20BFFD51007E90E2 /* Settings.png in Resources */,
				0623C2AA20B52AA700A52087 /* logo.png in Resources */,
				065029A320BFFD51007E90E2 /* Advance.png in Resources */,
				065029A820BFFD51007E90E2 /* home_menu.png in Resources */,
				0619CF9420B2E234004CFDC9 /* LaunchScreen.storyboard in Resources */,
				065029B520BFFD51007E90E2 /* Starred@2x.png in Resources */,
				065029AC20BFFD51007E90E2 /* Messages.png in Resources */,
				0650299F20BFFD51007E90E2 /* Company.png in Resources */,
				065029A220BFFD51007E90E2 /* Messages@2x.png in Resources */,
				065029A520BFFD51007E90E2 /* Company@2x.png in Resources */,
				065029AE20BFFD51007E90E2 /* People.png in Resources */,
				0650299E20BFFD51007E90E2 /* Starred.png in Resources */,
				0638D42620B82A0D00A0DD5F /* admin.png in Resources */,
				065029A420BFFD51007E90E2 /* News.png in Resources */,
				065029B020BFFD51007E90E2 /* People@2x.png in Resources */,
				065029B120BFFD51007E90E2 /* menu_img.png in Resources */,
				065029A120BFFD51007E90E2 /* Favorite.png in Resources */,
				0619CF9120B2E234004CFDC9 /* Assets.xcassets in Resources */,
				065029A620BFFD51007E90E2 /* Invite.png in Resources */,
				065029A020BFFD51007E90E2 /* Background.png in Resources */,
				06D6478420C56FEC000783C8 /* Default-568h@2x.png in Resources */,
				065029B220BFFD51007E90E2 /* Invite@2x.png in Resources */,
				065029B420BFFD51007E90E2 /* Advance@2x.png in Resources */,
				0650290420BFEE34007E90E2 /* enData.plist in Resources */,
				065029AB20BFFD51007E90E2 /* Ratings.png in Resources */,
				0619CF8F20B2E233004CFDC9 /* Main.storyboard in Resources */,
				065029AA20BFFD51007E90E2 /* Jobs.png in Resources */,
				065029A920BFFD51007E90E2 /* Settings@2x.png in Resources */,
				065029A720BFFD51007E90E2 /* Avatar.png in Resources */,
			);
			runOnlyForDeploymentPostprocessing = 0;
		};
		0619CF9A20B2E234004CFDC9 /* Resources */ = {
			isa = PBXResourcesBuildPhase;
			buildActionMask = 2147483647;
			files = (
			);
			runOnlyForDeploymentPostprocessing = 0;
		};
		0619CFA520B2E234004CFDC9 /* Resources */ = {
			isa = PBXResourcesBuildPhase;
			buildActionMask = 2147483647;
			files = (
			);
			runOnlyForDeploymentPostprocessing = 0;
		};
/* End PBXResourcesBuildPhase section */

/* Begin PBXShellScriptBuildPhase section */
		6E159F1E6D3F3B77373023AA /* [CP] Copy Pods Resources */ = {
			isa = PBXShellScriptBuildPhase;
			buildActionMask = 2147483647;
			files = (
			);
			inputPaths = (
				"${SRCROOT}/Pods/Target Support Files/Pods-Faveo Service Desk Pro/Pods-Faveo Service Desk Pro-resources.sh",
				"${PODS_ROOT}/IQKeyboardManager/IQKeyboardManager/Resources/IQKeyboardManager.bundle",
			);
			name = "[CP] Copy Pods Resources";
			outputPaths = (
				"${TARGET_BUILD_DIR}/${UNLOCALIZED_RESOURCES_FOLDER_PATH}/IQKeyboardManager.bundle",
			);
			runOnlyForDeploymentPostprocessing = 0;
			shellPath = /bin/sh;
			shellScript = "\"${SRCROOT}/Pods/Target Support Files/Pods-Faveo Service Desk Pro/Pods-Faveo Service Desk Pro-resources.sh\"\n";
			showEnvVarsInLog = 0;
		};
		CF11872CA209807CAB98F998 /* [CP] Check Pods Manifest.lock */ = {
			isa = PBXShellScriptBuildPhase;
			buildActionMask = 2147483647;
			files = (
			);
			inputPaths = (
				"${PODS_PODFILE_DIR_PATH}/Podfile.lock",
				"${PODS_ROOT}/Manifest.lock",
			);
			name = "[CP] Check Pods Manifest.lock";
			outputPaths = (
				"$(DERIVED_FILE_DIR)/Pods-Faveo Service Desk Pro-checkManifestLockResult.txt",
			);
			runOnlyForDeploymentPostprocessing = 0;
			shellPath = /bin/sh;
			shellScript = "diff \"${PODS_PODFILE_DIR_PATH}/Podfile.lock\" \"${PODS_ROOT}/Manifest.lock\" > /dev/null\nif [ $? != 0 ] ; then\n    # print error to STDERR\n    echo \"error: The sandbox is not in sync with the Podfile.lock. Run 'pod install' or update your CocoaPods installation.\" >&2\n    exit 1\nfi\n# This output is used by Xcode 'outputs' to avoid re-running this script phase.\necho \"SUCCESS\" > \"${SCRIPT_OUTPUT_FILE_0}\"\n";
			showEnvVarsInLog = 0;
		};
/* End PBXShellScriptBuildPhase section */

/* Begin PBXSourcesBuildPhase section */
		0619CF8020B2E233004CFDC9 /* Sources */ = {
			isa = PBXSourcesBuildPhase;
			buildActionMask = 2147483647;
			files = (
				06D6479920C5724B000783C8 /* InboxTickets.m in Sources */,
				0630D95B20C6759900191A7D /* ClientFilterView.m in Sources */,
				0619CF9720B2E234004CFDC9 /* main.m in Sources */,
				0630D96C20C6A7CD00191A7D /* MyWebservices.m in Sources */,
				0619CF8920B2E233004CFDC9 /* AppDelegate.m in Sources */,
				065028FB20BFE3C0007E90E2 /* SWRevealViewController.m in Sources */,
				0617BC3E20B3F25D00F7A8C8 /* Utils.m in Sources */,
				06D647A220C5729F000783C8 /* UnApprovedTickets.m in Sources */,
				0630D95120C66E1800191A7D /* AboutUsViewController.m in Sources */,
				0619CFC120B31064004CFDC9 /* LoginViewController.m in Sources */,
				0650290A20BFF5C1007E90E2 /* ExpandableTableViewController.m in Sources */,
				0650290520BFEE34007E90E2 /* ExpandableTableAppDelegate.m in Sources */,
				0630D95520C6754A00191A7D /* ClientListViewController.m in Sources */,
				06D647A820C5733E000783C8 /* TrashTickets.m in Sources */,
				0630D95820C6755C00191A7D /* ClientDetailsViewController.m in Sources */,
				0630D96820C6A30D00191A7D /* Reachability.m in Sources */,
				06D647A520C5732B000783C8 /* ClosedTickets.m in Sources */,
				0630D96220C69A1200191A7D /* GlobalVariables.m in Sources */,
				065029BA20C02865007E90E2 /* SampleNavigation.m in Sources */,
				06D6479F20C57274000783C8 /* UnassignedTickets.m in Sources */,
				0630D95E20C675EB00191A7D /* ClientEditDetailsView.m in Sources */,
				06D6479C20C5725B000783C8 /* MyTickets.m in Sources */,
				0650290320BFEE34007E90E2 /* ExpandableTableViewCell.m in Sources */,
			);
			runOnlyForDeploymentPostprocessing = 0;
		};
		0619CF9820B2E234004CFDC9 /* Sources */ = {
			isa = PBXSourcesBuildPhase;
			buildActionMask = 2147483647;
			files = (
				0619CFA120B2E234004CFDC9 /* Faveo_Service_Desk_ProTests.m in Sources */,
			);
			runOnlyForDeploymentPostprocessing = 0;
		};
		0619CFA320B2E234004CFDC9 /* Sources */ = {
			isa = PBXSourcesBuildPhase;
			buildActionMask = 2147483647;
			files = (
				0619CFAC20B2E234004CFDC9 /* Faveo_Service_Desk_ProUITests.m in Sources */,
			);
			runOnlyForDeploymentPostprocessing = 0;
		};
/* End PBXSourcesBuildPhase section */

/* Begin PBXTargetDependency section */
		0619CF9E20B2E234004CFDC9 /* PBXTargetDependency */ = {
			isa = PBXTargetDependency;
			target = 0619CF8320B2E233004CFDC9 /* Faveo Service Desk Pro */;
			targetProxy = 0619CF9D20B2E234004CFDC9 /* PBXContainerItemProxy */;
		};
		0619CFA920B2E234004CFDC9 /* PBXTargetDependency */ = {
			isa = PBXTargetDependency;
			target = 0619CF8320B2E233004CFDC9 /* Faveo Service Desk Pro */;
			targetProxy = 0619CFA820B2E234004CFDC9 /* PBXContainerItemProxy */;
		};
/* End PBXTargetDependency section */

/* Begin PBXVariantGroup section */
		0619CF8D20B2E233004CFDC9 /* Main.storyboard */ = {
			isa = PBXVariantGroup;
			children = (
				0619CF8E20B2E233004CFDC9 /* Base */,
			);
			name = Main.storyboard;
			sourceTree = "<group>";
		};
		0619CF9220B2E234004CFDC9 /* LaunchScreen.storyboard */ = {
			isa = PBXVariantGroup;
			children = (
				0619CF9320B2E234004CFDC9 /* Base */,
			);
			name = LaunchScreen.storyboard;
			sourceTree = "<group>";
		};
/* End PBXVariantGroup section */

/* Begin XCBuildConfiguration section */
		0619CFAE20B2E234004CFDC9 /* Debug */ = {
			isa = XCBuildConfiguration;
			buildSettings = {
				ALWAYS_SEARCH_USER_PATHS = NO;
				CLANG_ANALYZER_NONNULL = YES;
				CLANG_ANALYZER_NUMBER_OBJECT_CONVERSION = YES_AGGRESSIVE;
				CLANG_CXX_LANGUAGE_STANDARD = "gnu++14";
				CLANG_CXX_LIBRARY = "libc++";
				CLANG_ENABLE_MODULES = YES;
				CLANG_ENABLE_OBJC_ARC = YES;
				CLANG_ENABLE_OBJC_WEAK = YES;
				CLANG_WARN_BLOCK_CAPTURE_AUTORELEASING = YES;
				CLANG_WARN_BOOL_CONVERSION = YES;
				CLANG_WARN_COMMA = YES;
				CLANG_WARN_CONSTANT_CONVERSION = YES;
				CLANG_WARN_DEPRECATED_OBJC_IMPLEMENTATIONS = YES;
				CLANG_WARN_DIRECT_OBJC_ISA_USAGE = YES_ERROR;
				CLANG_WARN_DOCUMENTATION_COMMENTS = YES;
				CLANG_WARN_EMPTY_BODY = YES;
				CLANG_WARN_ENUM_CONVERSION = YES;
				CLANG_WARN_INFINITE_RECURSION = YES;
				CLANG_WARN_INT_CONVERSION = YES;
				CLANG_WARN_NON_LITERAL_NULL_CONVERSION = YES;
				CLANG_WARN_OBJC_IMPLICIT_RETAIN_SELF = YES;
				CLANG_WARN_OBJC_LITERAL_CONVERSION = YES;
				CLANG_WARN_OBJC_ROOT_CLASS = YES_ERROR;
				CLANG_WARN_RANGE_LOOP_ANALYSIS = YES;
				CLANG_WARN_STRICT_PROTOTYPES = YES;
				CLANG_WARN_SUSPICIOUS_MOVE = YES;
				CLANG_WARN_UNGUARDED_AVAILABILITY = YES_AGGRESSIVE;
				CLANG_WARN_UNREACHABLE_CODE = YES;
				CLANG_WARN__DUPLICATE_METHOD_MATCH = YES;
				CODE_SIGN_IDENTITY = "iPhone Developer";
				COPY_PHASE_STRIP = NO;
				DEBUG_INFORMATION_FORMAT = dwarf;
				ENABLE_STRICT_OBJC_MSGSEND = YES;
				ENABLE_TESTABILITY = YES;
				GCC_C_LANGUAGE_STANDARD = gnu11;
				GCC_DYNAMIC_NO_PIC = NO;
				GCC_NO_COMMON_BLOCKS = YES;
				GCC_OPTIMIZATION_LEVEL = 0;
				GCC_PREPROCESSOR_DEFINITIONS = (
					"DEBUG=1",
					"$(inherited)",
				);
				GCC_WARN_64_TO_32_BIT_CONVERSION = YES;
				GCC_WARN_ABOUT_RETURN_TYPE = YES_ERROR;
				GCC_WARN_UNDECLARED_SELECTOR = YES;
				GCC_WARN_UNINITIALIZED_AUTOS = YES_AGGRESSIVE;
				GCC_WARN_UNUSED_FUNCTION = YES;
				GCC_WARN_UNUSED_VARIABLE = YES;
				IPHONEOS_DEPLOYMENT_TARGET = 11.3;
				MTL_ENABLE_DEBUG_INFO = YES;
				ONLY_ACTIVE_ARCH = YES;
				SDKROOT = iphoneos;
			};
			name = Debug;
		};
		0619CFAF20B2E234004CFDC9 /* Release */ = {
			isa = XCBuildConfiguration;
			buildSettings = {
				ALWAYS_SEARCH_USER_PATHS = NO;
				CLANG_ANALYZER_NONNULL = YES;
				CLANG_ANALYZER_NUMBER_OBJECT_CONVERSION = YES_AGGRESSIVE;
				CLANG_CXX_LANGUAGE_STANDARD = "gnu++14";
				CLANG_CXX_LIBRARY = "libc++";
				CLANG_ENABLE_MODULES = YES;
				CLANG_ENABLE_OBJC_ARC = YES;
				CLANG_ENABLE_OBJC_WEAK = YES;
				CLANG_WARN_BLOCK_CAPTURE_AUTORELEASING = YES;
				CLANG_WARN_BOOL_CONVERSION = YES;
				CLANG_WARN_COMMA = YES;
				CLANG_WARN_CONSTANT_CONVERSION = YES;
				CLANG_WARN_DEPRECATED_OBJC_IMPLEMENTATIONS = YES;
				CLANG_WARN_DIRECT_OBJC_ISA_USAGE = YES_ERROR;
				CLANG_WARN_DOCUMENTATION_COMMENTS = YES;
				CLANG_WARN_EMPTY_BODY = YES;
				CLANG_WARN_ENUM_CONVERSION = YES;
				CLANG_WARN_INFINITE_RECURSION = YES;
				CLANG_WARN_INT_CONVERSION = YES;
				CLANG_WARN_NON_LITERAL_NULL_CONVERSION = YES;
				CLANG_WARN_OBJC_IMPLICIT_RETAIN_SELF = YES;
				CLANG_WARN_OBJC_LITERAL_CONVERSION = YES;
				CLANG_WARN_OBJC_ROOT_CLASS = YES_ERROR;
				CLANG_WARN_RANGE_LOOP_ANALYSIS = YES;
				CLANG_WARN_STRICT_PROTOTYPES = YES;
				CLANG_WARN_SUSPICIOUS_MOVE = YES;
				CLANG_WARN_UNGUARDED_AVAILABILITY = YES_AGGRESSIVE;
				CLANG_WARN_UNREACHABLE_CODE = YES;
				CLANG_WARN__DUPLICATE_METHOD_MATCH = YES;
				CODE_SIGN_IDENTITY = "iPhone Developer";
				COPY_PHASE_STRIP = NO;
				DEBUG_INFORMATION_FORMAT = "dwarf-with-dsym";
				ENABLE_NS_ASSERTIONS = NO;
				ENABLE_STRICT_OBJC_MSGSEND = YES;
				GCC_C_LANGUAGE_STANDARD = gnu11;
				GCC_NO_COMMON_BLOCKS = YES;
				GCC_WARN_64_TO_32_BIT_CONVERSION = YES;
				GCC_WARN_ABOUT_RETURN_TYPE = YES_ERROR;
				GCC_WARN_UNDECLARED_SELECTOR = YES;
				GCC_WARN_UNINITIALIZED_AUTOS = YES_AGGRESSIVE;
				GCC_WARN_UNUSED_FUNCTION = YES;
				GCC_WARN_UNUSED_VARIABLE = YES;
				IPHONEOS_DEPLOYMENT_TARGET = 11.3;
				MTL_ENABLE_DEBUG_INFO = NO;
				SDKROOT = iphoneos;
				VALIDATE_PRODUCT = YES;
			};
			name = Release;
		};
		0619CFB120B2E234004CFDC9 /* Debug */ = {
			isa = XCBuildConfiguration;
			baseConfigurationReference = AA97E046A48ABA8482D27986 /* Pods-Faveo Service Desk Pro.debug.xcconfig */;
			buildSettings = {
				ASSETCATALOG_COMPILER_APPICON_NAME = AppIcon;
				CODE_SIGN_STYLE = Automatic;
				DEVELOPMENT_TEAM = 8VY8B59STG;
				INFOPLIST_FILE = "Faveo Service Desk Pro/Info.plist";
				IPHONEOS_DEPLOYMENT_TARGET = 9.3;
				LD_RUNPATH_SEARCH_PATHS = (
					"$(inherited)",
					"@executable_path/Frameworks",
				);
				PRODUCT_BUNDLE_IDENTIFIER = com.ladybirdwebsolutions.FaveoServiceDeskPro;
				PRODUCT_NAME = "$(TARGET_NAME)";
				TARGETED_DEVICE_FAMILY = 1;
			};
			name = Debug;
		};
		0619CFB220B2E234004CFDC9 /* Release */ = {
			isa = XCBuildConfiguration;
			baseConfigurationReference = 673690A52B72503E4FE33B72 /* Pods-Faveo Service Desk Pro.release.xcconfig */;
			buildSettings = {
				ASSETCATALOG_COMPILER_APPICON_NAME = AppIcon;
				CODE_SIGN_STYLE = Automatic;
				DEVELOPMENT_TEAM = 8VY8B59STG;
				INFOPLIST_FILE = "Faveo Service Desk Pro/Info.plist";
				IPHONEOS_DEPLOYMENT_TARGET = 9.3;
				LD_RUNPATH_SEARCH_PATHS = (
					"$(inherited)",
					"@executable_path/Frameworks",
				);
				PRODUCT_BUNDLE_IDENTIFIER = com.ladybirdwebsolutions.FaveoServiceDeskPro;
				PRODUCT_NAME = "$(TARGET_NAME)";
				TARGETED_DEVICE_FAMILY = 1;
			};
			name = Release;
		};
		0619CFB420B2E234004CFDC9 /* Debug */ = {
			isa = XCBuildConfiguration;
			buildSettings = {
				BUNDLE_LOADER = "$(TEST_HOST)";
				CODE_SIGN_STYLE = Automatic;
				DEVELOPMENT_TEAM = CTCM9YM55B;
				INFOPLIST_FILE = "Faveo Service Desk ProTests/Info.plist";
				LD_RUNPATH_SEARCH_PATHS = (
					"$(inherited)",
					"@executable_path/Frameworks",
					"@loader_path/Frameworks",
				);
				PRODUCT_BUNDLE_IDENTIFIER = "ladybirdwebsolution.Faveo-Service-Desk-ProTests";
				PRODUCT_NAME = "$(TARGET_NAME)";
				TARGETED_DEVICE_FAMILY = "1,2";
				TEST_HOST = "$(BUILT_PRODUCTS_DIR)/Faveo Service Desk Pro.app/Faveo Service Desk Pro";
			};
			name = Debug;
		};
		0619CFB520B2E234004CFDC9 /* Release */ = {
			isa = XCBuildConfiguration;
			buildSettings = {
				BUNDLE_LOADER = "$(TEST_HOST)";
				CODE_SIGN_STYLE = Automatic;
				DEVELOPMENT_TEAM = CTCM9YM55B;
				INFOPLIST_FILE = "Faveo Service Desk ProTests/Info.plist";
				LD_RUNPATH_SEARCH_PATHS = (
					"$(inherited)",
					"@executable_path/Frameworks",
					"@loader_path/Frameworks",
				);
				PRODUCT_BUNDLE_IDENTIFIER = "ladybirdwebsolution.Faveo-Service-Desk-ProTests";
				PRODUCT_NAME = "$(TARGET_NAME)";
				TARGETED_DEVICE_FAMILY = "1,2";
				TEST_HOST = "$(BUILT_PRODUCTS_DIR)/Faveo Service Desk Pro.app/Faveo Service Desk Pro";
			};
			name = Release;
		};
		0619CFB720B2E234004CFDC9 /* Debug */ = {
			isa = XCBuildConfiguration;
			buildSettings = {
				CODE_SIGN_STYLE = Automatic;
				DEVELOPMENT_TEAM = CTCM9YM55B;
				INFOPLIST_FILE = "Faveo Service Desk ProUITests/Info.plist";
				LD_RUNPATH_SEARCH_PATHS = (
					"$(inherited)",
					"@executable_path/Frameworks",
					"@loader_path/Frameworks",
				);
				PRODUCT_BUNDLE_IDENTIFIER = "ladybirdwebsolution.Faveo-Service-Desk-ProUITests";
				PRODUCT_NAME = "$(TARGET_NAME)";
				TARGETED_DEVICE_FAMILY = "1,2";
				TEST_TARGET_NAME = "Faveo Service Desk Pro";
			};
			name = Debug;
		};
		0619CFB820B2E234004CFDC9 /* Release */ = {
			isa = XCBuildConfiguration;
			buildSettings = {
				CODE_SIGN_STYLE = Automatic;
				DEVELOPMENT_TEAM = CTCM9YM55B;
				INFOPLIST_FILE = "Faveo Service Desk ProUITests/Info.plist";
				LD_RUNPATH_SEARCH_PATHS = (
					"$(inherited)",
					"@executable_path/Frameworks",
					"@loader_path/Frameworks",
				);
				PRODUCT_BUNDLE_IDENTIFIER = "ladybirdwebsolution.Faveo-Service-Desk-ProUITests";
				PRODUCT_NAME = "$(TARGET_NAME)";
				TARGETED_DEVICE_FAMILY = "1,2";
				TEST_TARGET_NAME = "Faveo Service Desk Pro";
			};
			name = Release;
		};
/* End XCBuildConfiguration section */

/* Begin XCConfigurationList section */
		0619CF7F20B2E233004CFDC9 /* Build configuration list for PBXProject "Faveo Service Desk Pro" */ = {
			isa = XCConfigurationList;
			buildConfigurations = (
				0619CFAE20B2E234004CFDC9 /* Debug */,
				0619CFAF20B2E234004CFDC9 /* Release */,
			);
			defaultConfigurationIsVisible = 0;
			defaultConfigurationName = Release;
		};
		0619CFB020B2E234004CFDC9 /* Build configuration list for PBXNativeTarget "Faveo Service Desk Pro" */ = {
			isa = XCConfigurationList;
			buildConfigurations = (
				0619CFB120B2E234004CFDC9 /* Debug */,
				0619CFB220B2E234004CFDC9 /* Release */,
			);
			defaultConfigurationIsVisible = 0;
			defaultConfigurationName = Release;
		};
		0619CFB320B2E234004CFDC9 /* Build configuration list for PBXNativeTarget "Faveo Service Desk ProTests" */ = {
			isa = XCConfigurationList;
			buildConfigurations = (
				0619CFB420B2E234004CFDC9 /* Debug */,
				0619CFB520B2E234004CFDC9 /* Release */,
			);
			defaultConfigurationIsVisible = 0;
			defaultConfigurationName = Release;
		};
		0619CFB620B2E234004CFDC9 /* Build configuration list for PBXNativeTarget "Faveo Service Desk ProUITests" */ = {
			isa = XCConfigurationList;
			buildConfigurations = (
				0619CFB720B2E234004CFDC9 /* Debug */,
				0619CFB820B2E234004CFDC9 /* Release */,
			);
			defaultConfigurationIsVisible = 0;
			defaultConfigurationName = Release;
		};
/* End XCConfigurationList section */
	};
	rootObject = 0619CF7C20B2E233004CFDC9 /* Project object */;
}
